github.com/qiniu/goplus v0.6.30 h1:vBebL2KQ+E4Cul56xTJrGEicRN4srA2m7GPtXROTbVE=
github.com/qiniu/goplus v0.6.30/go.mod h1:p/bMvJU8jV85hla2KKlDBy9dMqSMGdm88MTqz25HMm0=
github.com/qiniu/x v1.10.5 h1:7V/CYWEmo9axJULvrJN6sMYh2FdY+esN5h8jwDkA4b0=
github.com/qiniu/x v1.10.5/go.mod h1:03Ni9tj+N2h2aKnAz+6N0Xfl8FwMEDRC2PAlxekASDs=
