github.com/gopherjs/gopherjs v0.0.0-20200217142428-fce0ec30dd00 h1:l5lAOZEym3oK3SQ2HBHWsJUfbNBiTXJDeW2QDxw9AQ0=
github.com/gopherjs/gopherjs v0.0.0-20200217142428-fce0ec30dd00/go.mod h1:wJfORRmW1u3UXTncJ5qlYoELFm8eSnnEO6hX4iZ3EWY=
github.com/goplus/gop v0.7.0 h1:R+BviJpKrqmsnzeL0siLwq0sWqbhX1IS2LMK3qSYz/I=
github.com/goplus/gop v0.7.0/go.mod h1:O0svWQyUNWm34ENh0/ji4YPRP2MGe19lEbx1xp0nG/I=
github.com/goplus/gop v0.7.1-0.20200708042916-21c62506d1ed h1:5OHH4nURqTozi4CPttB59XgonC/C5SMHBc1XqGp9TUo=
github.com/goplus/gop v0.7.1-0.20200708042916-21c62506d1ed/go.mod h1:O0svWQyUNWm34ENh0/ji4YPRP2MGe19lEbx1xp0nG/I=
github.com/goplus/gop v0.7.3-0.20200720163519-ae29516148e5 h1:i13SS2E7Gqe4vS2Ne5oKLf4SgWXbjHxmTheMsZoetL0=
github.com/goplus/gop v0.7.3-0.20200720163519-ae29516148e5/go.mod h1:ecsM3AHCUzv3jYf0teNs9HWirOYNzJFMzZqsSNbCL28=
github.com/goplus/gop v0.7.3 h1:EkSHmZ40okwQ1xGVP3Hq7grMuF07lfW1NfrSgVvaQ7k=
github.com/goplus/gop v0.7.3/go.mod h1:/+1OwExXHm5kGMw0zk+RHQBzgTYRI95ARRGfr62w/VE=
github.com/goplus/gop v0.7.5 h1:YXnvV7QoJjFiRDbNWJkywL8XNmD309IoAyqmsFV3hQU=
github.com/goplus/gop v0.7.5/go.mod h1:/+1OwExXHm5kGMw0zk+RHQBzgTYRI95ARRGfr62w/VE=
github.com/goplus/gop v0.7.8 h1:NurfaUnAzPNosnOq8PJi6TvLm57G4y7S6ocxHj2imKk=
github.com/goplus/gop v0.7.8/go.mod h1:/+1OwExXHm5kGMw0zk+RHQBzgTYRI95ARRGfr62w/VE=
github.com/goplus/gop v0.7.9 h1:mg9rkWcyXiLVXfVbvNkvR7qL9sTKoEqISZwgaBXhxC8=
github.com/goplus/gop v0.7.9/go.mod h1:/+1OwExXHm5kGMw0zk+RHQBzgTYRI95ARRGfr62w/VE=
github.com/goplus/gop v0.7.11 h1:uElX7zZubMZI4AmMB3B8sLaDBSwY5puvpcsw3Jc2gs0=
github.com/goplus/gop v0.7.11/go.mod h1:/+1OwExXHm5kGMw0zk+RHQBzgTYRI95ARRGfr62w/VE=
github.com/mattn/go-runewidth v0.0.3/go.mod h1:LwmH8dsx7+W8Uxz3IHJYH5QSwggIsqBzpuz5H//U1FU=
github.com/peterh/liner v1.2.0/go.mod h1:CRroGNssyjTd/qIG2FyxByd2S8JEAZXBl4qUrZf8GS0=
github.com/qiniu/goplus v0.6.41-0.20200627014401-a031ebddfa3f h1:60UriceFM7qBZv6gd9UFhDtiqxYtpOWurypqyQcfkCg=
github.com/qiniu/goplus v0.6.41-0.20200627014401-a031ebddfa3f/go.mod h1:p/bMvJU8jV85hla2KKlDBy9dMqSMGdm88MTqz25HMm0=
github.com/qiniu/goplus v0.6.51-0.20200701135932-787b44a0786f h1:u1ezDmQPdP5trIrVDLx+ZbJYFAft9mK0WFFKyPJxuuc=
github.com/qiniu/goplus v0.6.51-0.20200701135932-787b44a0786f/go.mod h1:p/bMvJU8jV85hla2KKlDBy9dMqSMGdm88MTqz25HMm0=
github.com/qiniu/x v1.10.5 h1:7V/CYWEmo9axJULvrJN6sMYh2FdY+esN5h8jwDkA4b0=
github.com/qiniu/x v1.10.5/go.mod h1:03Ni9tj+N2h2aKnAz+6N0Xfl8FwMEDRC2PAlxekASDs=
github.com/qiniu/x v1.11.5 h1:TYr5cl4g2yoHAZeDK4MTjKF6CMoG+IHlCDvvM5qym6U=
github.com/qiniu/x v1.11.5/go.mod h1:03Ni9tj+N2h2aKnAz+6N0Xfl8FwMEDRC2PAlxekASDs=
github.com/visualfc/goplus v0.0.0-20200910083340-8a9646ff8f7a h1:HPnlDjM3g1zzjRzw7kcHFo3AzbYy1FlSPBUA9C83F6Y=
github.com/visualfc/goplus v0.0.0-20200910083340-8a9646ff8f7a/go.mod h1:/+1OwExXHm5kGMw0zk+RHQBzgTYRI95ARRGfr62w/VE=
honnef.co/go/js/util v0.0.0-20150216223935-96b8dd9d1621 h1:QBApQyt1KyR3SvDWU8sHcIXeWTSCUamO7xQopvwuLWI=
honnef.co/go/js/util v0.0.0-20150216223935-96b8dd9d1621/go.mod h1:WrAIh8rWfzvMdLVgQ7vpu7aYbDAZ3rHLxydzv2VkL/w=
honnef.co/go/js/xhr v0.0.0-20150307031022-00e3346113ae h1:2dIKMawnBWvHzZrS8STyu/KdhYIOpnKQpp1WZm+K7TE=
honnef.co/go/js/xhr v0.0.0-20150307031022-00e3346113ae/go.mod h1:QwoYXdHZpuR080H32s5jqyk7zh/k/U9bDFg2g8OMmOM=
